{
  "object": {
    "pins": [
      {
        "package": "RKValueTransformers",
        "repositoryURL": "https://github.com/youla-dev/RKValueTransformers",
        "state": {
          "branch": null,
          "revision": "203a968b9a8f00e23b2c74285f7129081a6fa4a0",
          "version": null
        }
      }
    ]
  },
  "version": 1
}
