{
  "object": {
    "pins": [
      {
        "package": "RKValueTransformers",
        "repositoryURL": "https://github.com/youla-dev/RKValueTransformers",
        "state": {
          "branch": null,
          "revision": "82e881378ffd746b168ffbdb7deab8b8c1c4603a",
          "version": null
        }
      }
    ]
  },
  "version": 1
}
